<Solution>
  <Folder Name="/01-strategy-pattern/" />
  <Folder Name="/01-strategy-pattern/strategy-pattern-by-composition/">
    <Project Path="01-strategy-pattern/strategy-pattern-by-composition/strategy-patern-by-composition.csproj" />
  </Folder>
  <Project Path="02-decorator-pattern/02-decorator-pattern.csproj" />
  <Project Path="03-file-handling-using-stream/03-file-handling-using-stream.csproj" />
  <Project Path="04-csv-file-handling/04-csv-file-handling.csproj" />
  <Project Path="05-better-cli-view-by-spectre/05-better-cli-view-by-spectre.csproj" />
  <Project Path="06-generics/06-generics.csproj" />
  <Project Path="07-delegates/07-delegates.csproj" />
  <Project Path="08-reflection/08-reflection.csproj" />
  <Project Path="09-attribute/09-attribute.csproj" />
  <Project Path="10-struct/10-struct.csproj" />
  <Project Path="11-records/11-records.csproj" />
  <Project Path="12-mother-of-all-objects/12-mother-of-all-objects.csproj" />
  <Project Path="13-record/13-record.csproj" />
</Solution>
