Microsoft Visual Studio Solution File, Format Version 12.00
# Visual Studio Version 17
VisualStudioVersion = 17.5.2.0
MinimumVisualStudioVersion = 10.0.40219.1
Project("{FAE04EC0-301F-11D3-BF4B-00C04F79EFBC}") = "01-strategy-pattern", "01-strategy-pattern\01-strategy-pattern.csproj", "{52E0A600-C923-0023-7B6C-D5E63102A6BC}"
EndProject
Global
	GlobalSection(SolutionConfigurationPlatforms) = preSolution
		Debug|Any CPU = Debug|Any CPU
		Release|Any CPU = Release|Any CPU
	EndGlobalSection
	GlobalSection(ProjectConfigurationPlatforms) = postSolution
		{52E0A600-C923-0023-7B6C-D5E63102A6BC}.Debug|Any CPU.ActiveCfg = Debug|Any CPU
		{52E0A600-C923-0023-7B6C-D5E63102A6BC}.Debug|Any CPU.Build.0 = Debug|Any CPU
		{52E0A600-C923-0023-7B6C-D5E63102A6BC}.Release|Any CPU.ActiveCfg = Release|Any CPU
		{52E0A600-C923-0023-7B6C-D5E63102A6BC}.Release|Any CPU.Build.0 = Release|Any CPU
	EndGlobalSection
	GlobalSection(SolutionProperties) = preSolution
		HideSolutionNode = FALSE
	EndGlobalSection
	GlobalSection(ExtensibilityGlobals) = postSolution
		SolutionGuid = {D20575F1-4248-4B8B-B611-E2253B0AF403}
	EndGlobalSection
EndGlobal
